
Microsoft Visual Studio Solution File, Format Version 12.00
# Visual Studio Version 16
VisualStudioVersion = 16.0.30523.141
MinimumVisualStudioVersion = 10.0.40219.1
Project("{FAE04EC0-301F-11D3-BF4B-00C04F79EFBC}") = "SensorServerApi", "SensorServer\SensorServerApi.csproj", "{AA45A09D-DA9B-4A7E-A174-29A4AB53CB15}"
EndProject
Project("{FAE04EC0-301F-11D3-BF4B-00C04F79EFBC}") = "EventManager", "EventManager\EventManager.csproj", "{754D185F-E4AD-4539-BB12-525CC65A747E}"
EndProject
Project("{FAE04EC0-301F-11D3-BF4B-00C04F79EFBC}") = "EventManager.Tests", "EventManager.Tests\EventManager.Tests.csproj", "{DF0D96A3-16AA-41A2-8383-E60599811C5A}"
EndProject
Global
	GlobalSection(SolutionConfigurationPlatforms) = preSolution
		Debug|Any CPU = Debug|Any CPU
		Release|Any CPU = Release|Any CPU
	EndGlobalSection
	GlobalSection(ProjectConfigurationPlatforms) = postSolution
		{AA45A09D-DA9B-4A7E-A174-29A4AB53CB15}.Debug|Any CPU.ActiveCfg = Debug|Any CPU
		{AA45A09D-DA9B-4A7E-A174-29A4AB53CB15}.Debug|Any CPU.Build.0 = Debug|Any CPU
		{AA45A09D-DA9B-4A7E-A174-29A4AB53CB15}.Release|Any CPU.ActiveCfg = Release|Any CPU
		{AA45A09D-DA9B-4A7E-A174-29A4AB53CB15}.Release|Any CPU.Build.0 = Release|Any CPU
		{754D185F-E4AD-4539-BB12-525CC65A747E}.Debug|Any CPU.ActiveCfg = Debug|Any CPU
		{754D185F-E4AD-4539-BB12-525CC65A747E}.Debug|Any CPU.Build.0 = Debug|Any CPU
		{754D185F-E4AD-4539-BB12-525CC65A747E}.Release|Any CPU.ActiveCfg = Release|Any CPU
		{754D185F-E4AD-4539-BB12-525CC65A747E}.Release|Any CPU.Build.0 = Release|Any CPU
		{DF0D96A3-16AA-41A2-8383-E60599811C5A}.Debug|Any CPU.ActiveCfg = Debug|Any CPU
		{DF0D96A3-16AA-41A2-8383-E60599811C5A}.Debug|Any CPU.Build.0 = Debug|Any CPU
		{DF0D96A3-16AA-41A2-8383-E60599811C5A}.Release|Any CPU.ActiveCfg = Release|Any CPU
		{DF0D96A3-16AA-41A2-8383-E60599811C5A}.Release|Any CPU.Build.0 = Release|Any CPU
	EndGlobalSection
	GlobalSection(SolutionProperties) = preSolution
		HideSolutionNode = FALSE
	EndGlobalSection
	GlobalSection(ExtensibilityGlobals) = postSolution
		SolutionGuid = {AAE623E5-3B8A-424E-8D57-DC190BDD51BD}
	EndGlobalSection
EndGlobal
